// !$*UTF8*$!
{
	archiveVersion = 1;
	classes = {
	};
	objectVersion = 46;
	objects = {

/* Begin PBXBuildFile section */
		6306F5151D8FFBCC00915F22 /* HeaderInSectionView.m in Sources */ = {isa = PBXBuildFile; fileRef = 6306F5141D8FFBCC00915F22 /* HeaderInSectionView.m */; };
		6306F5191D9009F900915F22 /* ic_list_2x.png in Resources */ = {isa = PBXBuildFile; fileRef = 6306F5161D9009F900915F22 /* ic_list_2x.png */; };
		6306F51A1D9009F900915F22 /* ic_list_3x.png in Resources */ = {isa = PBXBuildFile; fileRef = 6306F5171D9009F900915F22 /* ic_list_3x.png */; };
		6306F51B1D9009F900915F22 /* ic_list.png in Resources */ = {isa = PBXBuildFile; fileRef = 6306F5181D9009F900915F22 /* ic_list.png */; };
		6306F5231D90133B00915F22 /* Contents.json in Resources */ = {isa = PBXBuildFile; fileRef = 6306F51F1D90133A00915F22 /* Contents.json */; };
		6306F5241D90133B00915F22 /* ic_exit_to_app.png in Resources */ = {isa = PBXBuildFile; fileRef = 6306F5201D90133B00915F22 /* ic_exit_to_app.png */; };
		6306F5251D90133B00915F22 /* ic_exit_to_app_2x.png in Resources */ = {isa = PBXBuildFile; fileRef = 6306F5211D90133B00915F22 /* ic_exit_to_app_2x.png */; };
		6306F5261D90133B00915F22 /* ic_exit_to_app_3x.png in Resources */ = {isa = PBXBuildFile; fileRef = 6306F5221D90133B00915F22 /* ic_exit_to_app_3x.png */; };
		6306F52C1D90134C00915F22 /* Contents.json in Resources */ = {isa = PBXBuildFile; fileRef = 6306F5281D90134C00915F22 /* Contents.json */; };
		6306F52D1D90134C00915F22 /* ic_map.png in Resources */ = {isa = PBXBuildFile; fileRef = 6306F5291D90134C00915F22 /* ic_map.png */; };
		6306F52E1D90134C00915F22 /* ic_map_2x.png in Resources */ = {isa = PBXBuildFile; fileRef = 6306F52A1D90134C00915F22 /* ic_map_2x.png */; };
		6306F52F1D90134C00915F22 /* ic_map_3x.png in Resources */ = {isa = PBXBuildFile; fileRef = 6306F52B1D90134C00915F22 /* ic_map_3x.png */; };
		6306F5351D90136200915F22 /* Contents.json in Resources */ = {isa = PBXBuildFile; fileRef = 6306F5311D90136200915F22 /* Contents.json */; };
		6306F5361D90136200915F22 /* ic_inbox.png in Resources */ = {isa = PBXBuildFile; fileRef = 6306F5321D90136200915F22 /* ic_inbox.png */; };
		6306F5371D90136200915F22 /* ic_inbox_2x.png in Resources */ = {isa = PBXBuildFile; fileRef = 6306F5331D90136200915F22 /* ic_inbox_2x.png */; };
		6306F5381D90136200915F22 /* ic_inbox_3x.png in Resources */ = {isa = PBXBuildFile; fileRef = 6306F5341D90136200915F22 /* ic_inbox_3x.png */; };
		6306F53F1D90137100915F22 /* Contents.json in Resources */ = {isa = PBXBuildFile; fileRef = 6306F53A1D90137100915F22 /* Contents.json */; };
		6306F5401D90137100915F22 /* ic_info_outline.png in Resources */ = {isa = PBXBuildFile; fileRef = 6306F53B1D90137100915F22 /* ic_info_outline.png */; };
		6306F5411D90137100915F22 /* ic_info_outline_2x.png in Resources */ = {isa = PBXBuildFile; fileRef = 6306F53C1D90137100915F22 /* ic_info_outline_2x.png */; };
		6306F5421D90137100915F22 /* ic_info_outline_3x.png in Resources */ = {isa = PBXBuildFile; fileRef = 6306F53D1D90137100915F22 /* ic_info_outline_3x.png */; };
		6306F5431D90137100915F22 /* Thumbs.db in Resources */ = {isa = PBXBuildFile; fileRef = 6306F53E1D90137100915F22 /* Thumbs.db */; };
		6306F5491D90138100915F22 /* Contents.json in Resources */ = {isa = PBXBuildFile; fileRef = 6306F5451D90138100915F22 /* Contents.json */; };
		6306F54A1D90138100915F22 /* ic_person.png in Resources */ = {isa = PBXBuildFile; fileRef = 6306F5461D90138100915F22 /* ic_person.png */; };
		6306F54B1D90138100915F22 /* ic_person_2x.png in Resources */ = {isa = PBXBuildFile; fileRef = 6306F5471D90138100915F22 /* ic_person_2x.png */; };
		6306F54C1D90138100915F22 /* ic_person_3x.png in Resources */ = {isa = PBXBuildFile; fileRef = 6306F5481D90138100915F22 /* ic_person_3x.png */; };
		6306F5521D90139000915F22 /* Contents.json in Resources */ = {isa = PBXBuildFile; fileRef = 6306F54E1D90139000915F22 /* Contents.json */; };
		6306F5531D90139000915F22 /* ic_lock_open.png in Resources */ = {isa = PBXBuildFile; fileRef = 6306F54F1D90139000915F22 /* ic_lock_open.png */; };
		6306F5541D90139000915F22 /* ic_lock_open_2x.png in Resources */ = {isa = PBXBuildFile; fileRef = 6306F5501D90139000915F22 /* ic_lock_open_2x.png */; };
		6306F5551D90139000915F22 /* ic_lock_open_3x.png in Resources */ = {isa = PBXBuildFile; fileRef = 6306F5511D90139000915F22 /* ic_lock_open_3x.png */; };
		6306F55B1D90139C00915F22 /* Contents.json in Resources */ = {isa = PBXBuildFile; fileRef = 6306F5571D90139C00915F22 /* Contents.json */; };
		6306F55C1D90139C00915F22 /* ic_content_paste.png in Resources */ = {isa = PBXBuildFile; fileRef = 6306F5581D90139C00915F22 /* ic_content_paste.png */; };
		6306F55D1D90139C00915F22 /* ic_content_paste_2x.png in Resources */ = {isa = PBXBuildFile; fileRef = 6306F5591D90139C00915F22 /* ic_content_paste_2x.png */; };
		6306F55E1D90139C00915F22 /* ic_content_paste_3x.png in Resources */ = {isa = PBXBuildFile; fileRef = 6306F55A1D90139C00915F22 /* ic_content_paste_3x.png */; };
		6306F5611D90149B00915F22 /* ServerManager.m in Sources */ = {isa = PBXBuildFile; fileRef = 6306F5601D90149B00915F22 /* ServerManager.m */; };
		6306F5691D90306200915F22 /* withoutDriver@1x.png in Resources */ = {isa = PBXBuildFile; fileRef = 6306F5631D90306200915F22 /* withoutDriver@1x.png */; };
		6306F56A1D90306200915F22 /* withoutDriver2x.png in Resources */ = {isa = PBXBuildFile; fileRef = 6306F5641D90306200915F22 /* withoutDriver2x.png */; };
		6306F56B1D90306200915F22 /* withoutDriver@3x.png in Resources */ = {isa = PBXBuildFile; fileRef = 6306F5651D90306200915F22 /* withoutDriver@3x.png */; };
		6306F56C1D90306200915F22 /* withDriver2x.png in Resources */ = {isa = PBXBuildFile; fileRef = 6306F5661D90306200915F22 /* withDriver2x.png */; };
		6306F56D1D90306200915F22 /* withDriver@1x.png in Resources */ = {isa = PBXBuildFile; fileRef = 6306F5671D90306200915F22 /* withDriver@1x.png */; };
		6306F56E1D90306200915F22 /* withDriver@3x.png in Resources */ = {isa = PBXBuildFile; fileRef = 6306F5681D90306200915F22 /* withDriver@3x.png */; };
		633E003E1D86C0B400436D99 /* MainTabBaController.m in Sources */ = {isa = PBXBuildFile; fileRef = 633E003D1D86C0B400436D99 /* MainTabBaController.m */; };
		633E00411D86D08700436D99 /* CostomTabBarItem.m in Sources */ = {isa = PBXBuildFile; fileRef = 633E00401D86D08700436D99 /* CostomTabBarItem.m */; };
		633E00441D86DDBE00436D99 /* CarWithoutDriverController.m in Sources */ = {isa = PBXBuildFile; fileRef = 633E00431D86DDBE00436D99 /* CarWithoutDriverController.m */; };
		633E00471D86DE0B00436D99 /* CarWithDriverController.m in Sources */ = {isa = PBXBuildFile; fileRef = 633E00461D86DE0B00436D99 /* CarWithDriverController.m */; };
		633E004A1D86DE2A00436D99 /* OtherController.m in Sources */ = {isa = PBXBuildFile; fileRef = 633E00491D86DE2A00436D99 /* OtherController.m */; };
		633E004D1D86F18900436D99 /* CarMainCollectionViewCell.m in Sources */ = {isa = PBXBuildFile; fileRef = 633E004C1D86F18900436D99 /* CarMainCollectionViewCell.m */; };
		633E004F1D87310300436D99 /* lada.png in Resources */ = {isa = PBXBuildFile; fileRef = 633E004E1D87310200436D99 /* lada.png */; };
		633E00531D87F3C600436D99 /* overview_mac_ios_phone_icon.png in Resources */ = {isa = PBXBuildFile; fileRef = 633E00521D87F3C600436D99 /* overview_mac_ios_phone_icon.png */; };
		633E00661D880F7800436D99 /* AFHTTPSessionManager.m in Sources */ = {isa = PBXBuildFile; fileRef = 633E005A1D880F7800436D99 /* AFHTTPSessionManager.m */; };
		633E00671D880F7800436D99 /* AFNetworkReachabilityManager.m in Sources */ = {isa = PBXBuildFile; fileRef = 633E005D1D880F7800436D99 /* AFNetworkReachabilityManager.m */; };
		633E00681D880F7800436D99 /* AFSecurityPolicy.m in Sources */ = {isa = PBXBuildFile; fileRef = 633E005F1D880F7800436D99 /* AFSecurityPolicy.m */; };
		633E00691D880F7800436D99 /* AFURLRequestSerialization.m in Sources */ = {isa = PBXBuildFile; fileRef = 633E00611D880F7800436D99 /* AFURLRequestSerialization.m */; };
		633E006A1D880F7800436D99 /* AFURLResponseSerialization.m in Sources */ = {isa = PBXBuildFile; fileRef = 633E00631D880F7800436D99 /* AFURLResponseSerialization.m */; };
		633E006B1D880F7800436D99 /* AFURLSessionManager.m in Sources */ = {isa = PBXBuildFile; fileRef = 633E00651D880F7800436D99 /* AFURLSessionManager.m */; };
		633E00811D880F8000436D99 /* AFAutoPurgingImageCache.m in Sources */ = {isa = PBXBuildFile; fileRef = 633E006E1D880F8000436D99 /* AFAutoPurgingImageCache.m */; };
		633E00821D880F8000436D99 /* AFImageDownloader.m in Sources */ = {isa = PBXBuildFile; fileRef = 633E00701D880F8000436D99 /* AFImageDownloader.m */; };
		633E00831D880F8000436D99 /* AFNetworkActivityIndicatorManager.m in Sources */ = {isa = PBXBuildFile; fileRef = 633E00721D880F8000436D99 /* AFNetworkActivityIndicatorManager.m */; };
		633E00841D880F8000436D99 /* UIActivityIndicatorView+AFNetworking.m in Sources */ = {isa = PBXBuildFile; fileRef = 633E00741D880F8000436D99 /* UIActivityIndicatorView+AFNetworking.m */; };
		633E00851D880F8000436D99 /* UIButton+AFNetworking.m in Sources */ = {isa = PBXBuildFile; fileRef = 633E00761D880F8000436D99 /* UIButton+AFNetworking.m */; };
		633E00861D880F8000436D99 /* UIImageView+AFNetworking.m in Sources */ = {isa = PBXBuildFile; fileRef = 633E00791D880F8000436D99 /* UIImageView+AFNetworking.m */; };
		633E00871D880F8000436D99 /* UIProgressView+AFNetworking.m in Sources */ = {isa = PBXBuildFile; fileRef = 633E007C1D880F8000436D99 /* UIProgressView+AFNetworking.m */; };
		633E00881D880F8000436D99 /* UIRefreshControl+AFNetworking.m in Sources */ = {isa = PBXBuildFile; fileRef = 633E007E1D880F8000436D99 /* UIRefreshControl+AFNetworking.m */; };
		633E00891D880F8000436D99 /* UIWebView+AFNetworking.m in Sources */ = {isa = PBXBuildFile; fileRef = 633E00801D880F8000436D99 /* UIWebView+AFNetworking.m */; };
		633E008D1D8811E900436D99 /* SWRevealViewController.m in Sources */ = {isa = PBXBuildFile; fileRef = 633E008C1D8811E900436D99 /* SWRevealViewController.m */; };
		633E00901D8812F800436D99 /* SliderBarViewController.m in Sources */ = {isa = PBXBuildFile; fileRef = 633E008F1D8812F800436D99 /* SliderBarViewController.m */; };
		633E00931D888A4300436D99 /* WithoutDriverDetailController.m in Sources */ = {isa = PBXBuildFile; fileRef = 633E00921D888A4300436D99 /* WithoutDriverDetailController.m */; };
		633E00991D8A96EA00436D99 /* Category.m in Sources */ = {isa = PBXBuildFile; fileRef = 633E00981D8A96EA00436D99 /* Category.m */; };
		6359CE961D92709700E76AD4 /* van.png in Resources */ = {isa = PBXBuildFile; fileRef = 6359CE941D92709700E76AD4 /* van.png */; };
		6359CE971D92709700E76AD4 /* bisness.png in Resources */ = {isa = PBXBuildFile; fileRef = 6359CE951D92709700E76AD4 /* bisness.png */; };
		6359CE9A1D92741F00E76AD4 /* akpp120x90.jpg in Resources */ = {isa = PBXBuildFile; fileRef = 6359CE981D92741E00E76AD4 /* akpp120x90.jpg */; };
		6359CE9B1D92741F00E76AD4 /* mkpp120x90.jpg in Resources */ = {isa = PBXBuildFile; fileRef = 6359CE991D92741E00E76AD4 /* mkpp120x90.jpg */; };
		6359CEA21D927B5000E76AD4 /* withD.png in Resources */ = {isa = PBXBuildFile; fileRef = 6359CE9E1D927B5000E76AD4 /* withD.png */; };
		6359CEA31D927B5000E76AD4 /* offroadWithDriver.png in Resources */ = {isa = PBXBuildFile; fileRef = 6359CE9F1D927B5000E76AD4 /* offroadWithDriver.png */; };
		6359CEA41D927B5000E76AD4 /* bus.png in Resources */ = {isa = PBXBuildFile; fileRef = 6359CEA01D927B5000E76AD4 /* bus.png */; };
		6359CEA51D927B5000E76AD4 /* vanWithDriver.png in Resources */ = {isa = PBXBuildFile; fileRef = 6359CEA11D927B5000E76AD4 /* vanWithDriver.png */; };
		6359CEA81D928F5700E76AD4 /* OtherCollectionViewCell.m in Sources */ = {isa = PBXBuildFile; fileRef = 6359CEA71D928F5700E76AD4 /* OtherCollectionViewCell.m */; };
		636441C51D97C0CD00089E84 /* CarWithoutDriverDetailsCell.m in Sources */ = {isa = PBXBuildFile; fileRef = 636441C41D97C0CD00089E84 /* CarWithoutDriverDetailsCell.m */; };
		636441CB1D97EB3900089E84 /* Contents.json in Resources */ = {isa = PBXBuildFile; fileRef = 636441C71D97EB3900089E84 /* Contents.json */; };
		636441CC1D97EB3900089E84 /* ic_arrow_drop_up.png in Resources */ = {isa = PBXBuildFile; fileRef = 636441C81D97EB3900089E84 /* ic_arrow_drop_up.png */; };
		636441CD1D97EB3900089E84 /* ic_arrow_drop_up_2x.png in Resources */ = {isa = PBXBuildFile; fileRef = 636441C91D97EB3900089E84 /* ic_arrow_drop_up_2x.png */; };
		636441CE1D97EB3900089E84 /* ic_arrow_drop_up_3x.png in Resources */ = {isa = PBXBuildFile; fileRef = 636441CA1D97EB3900089E84 /* ic_arrow_drop_up_3x.png */; };
		636441D41D97EB6800089E84 /* Contents.json in Resources */ = {isa = PBXBuildFile; fileRef = 636441D01D97EB6800089E84 /* Contents.json */; };
		636441D51D97EB6800089E84 /* ic_arrow_drop_down.png in Resources */ = {isa = PBXBuildFile; fileRef = 636441D11D97EB6800089E84 /* ic_arrow_drop_down.png */; };
		636441D61D97EB6800089E84 /* ic_arrow_drop_down_2x.png in Resources */ = {isa = PBXBuildFile; fileRef = 636441D21D97EB6800089E84 /* ic_arrow_drop_down_2x.png */; };
		636441D71D97EB6800089E84 /* ic_arrow_drop_down_3x.png in Resources */ = {isa = PBXBuildFile; fileRef = 636441D31D97EB6800089E84 /* ic_arrow_drop_down_3x.png */; };
		636AB1FA1D84105C00D33413 /* AppDelegate.m in Sources */ = {isa = PBXBuildFile; fileRef = 636AB1F91D84105C00D33413 /* AppDelegate.m */; };
		636B85411D993B4E005623EB /* Car.m in Sources */ = {isa = PBXBuildFile; fileRef = 636B85401D993B4E005623EB /* Car.m */; };
		63F4B85F1D82C842006B391D /* main.m in Sources */ = {isa = PBXBuildFile; fileRef = 63F4B85E1D82C842006B391D /* main.m */; };
		63F4B8681D82C842006B391D /* Main.storyboard in Resources */ = {isa = PBXBuildFile; fileRef = 63F4B8661D82C842006B391D /* Main.storyboard */; };
		63F4B86A1D82C842006B391D /* Assets.xcassets in Resources */ = {isa = PBXBuildFile; fileRef = 63F4B8691D82C842006B391D /* Assets.xcassets */; };
		63F4B86D1D82C842006B391D /* LaunchScreen.storyboard in Resources */ = {isa = PBXBuildFile; fileRef = 63F4B86B1D82C842006B391D /* LaunchScreen.storyboard */; };
		FA06A3C51DA8D8B000E4DB5F /* Order.m in Sources */ = {isa = PBXBuildFile; fileRef = FA06A3C41DA8D8B000E4DB5F /* Order.m */; };
		FA06A3D91DA8F50900E4DB5F /* RCDatePicker.m in Sources */ = {isa = PBXBuildFile; fileRef = FA06A3D81DA8F50800E4DB5F /* RCDatePicker.m */; };
		FA2015981DAE65BB0091D953 /* Place.m in Sources */ = {isa = PBXBuildFile; fileRef = FA2015971DAE65BB0091D953 /* Place.m */; };
		FA2506EB1DBBF3DA00EF507A /* User.m in Sources */ = {isa = PBXBuildFile; fileRef = FA2506EA1DBBF3DA00EF507A /* User.m */; };
		FA5D275D1DAD2BBB0012FF57 /* RCPickerView.m in Sources */ = {isa = PBXBuildFile; fileRef = FA5D275C1DAD2BBB0012FF57 /* RCPickerView.m */; };
		FA6A6A931DB5079D003BB8D1 /* ButtonCell.m in Sources */ = {isa = PBXBuildFile; fileRef = FA6A6A921DB5079D003BB8D1 /* ButtonCell.m */; };
		FA70B44A1DB7B5B80088FFE3 /* RCTextField.m in Sources */ = {isa = PBXBuildFile; fileRef = FA70B4491DB7B5B80088FFE3 /* RCTextField.m */; };
		FA7A56641DA7CAC400CD6975 /* RCViewController.m in Sources */ = {isa = PBXBuildFile; fileRef = FA7A56631DA7CAC400CD6975 /* RCViewController.m */; };
		FA7E82A51DA3B85F00F5BFB4 /* navBack.png in Resources */ = {isa = PBXBuildFile; fileRef = FA7E82A41DA3B85F00F5BFB4 /* navBack.png */; };
		FA7E82A91DA3C0FB00F5BFB4 /* Back-25.png in Resources */ = {isa = PBXBuildFile; fileRef = FA7E82A81DA3C0FA00F5BFB4 /* Back-25.png */; };
		FA7E82AC1DA3CF4500F5BFB4 /* StepOneWithoutDriverController.m in Sources */ = {isa = PBXBuildFile; fileRef = FA7E82AB1DA3CF4500F5BFB4 /* StepOneWithoutDriverController.m */; };
		FA88FD871DAB8A0A0039CF33 /* ic_menu_2x.png in Resources */ = {isa = PBXBuildFile; fileRef = FA88FD841DAB8A0A0039CF33 /* ic_menu_2x.png */; };
		FA88FD881DAB8A0A0039CF33 /* ic_menu_3x.png in Resources */ = {isa = PBXBuildFile; fileRef = FA88FD851DAB8A0A0039CF33 /* ic_menu_3x.png */; };
		FA88FD891DAB8A0A0039CF33 /* ic_menu.png in Resources */ = {isa = PBXBuildFile; fileRef = FA88FD861DAB8A0A0039CF33 /* ic_menu.png */; };
		FA88FD911DABB1380039CF33 /* depositphotos_45370071-Car-insurance-icons-2.png in Resources */ = {isa = PBXBuildFile; fileRef = FA88FD901DABB1380039CF33 /* depositphotos_45370071-Car-insurance-icons-2.png */; };
		FA88FD931DABB2220039CF33 /* 12.png in Resources */ = {isa = PBXBuildFile; fileRef = FA88FD921DABB2220039CF33 /* 12.png */; };
		FA9DB7891DB66925006D81D5 /* RegistrationController.m in Sources */ = {isa = PBXBuildFile; fileRef = FA9DB7881DB66925006D81D5 /* RegistrationController.m */; };
		FABFC1C91DB8EE49004BFF9E /* Person.m in Sources */ = {isa = PBXBuildFile; fileRef = FABFC1C81DB8EE48004BFF9E /* Person.m */; };
		FAC2E4661DAED28D0045A3C4 /* StepTwoWithoutDriverController.m in Sources */ = {isa = PBXBuildFile; fileRef = FAC2E4651DAED28D0045A3C4 /* StepTwoWithoutDriverController.m */; };
		FAC2E4691DAF7AFA0045A3C4 /* StepTwoMainCell.m in Sources */ = {isa = PBXBuildFile; fileRef = FAC2E4681DAF7AFA0045A3C4 /* StepTwoMainCell.m */; };
		FAC2E46C1DAF82DB0045A3C4 /* StepTwoOptionsCell.m in Sources */ = {isa = PBXBuildFile; fileRef = FAC2E46B1DAF82DB0045A3C4 /* StepTwoOptionsCell.m */; };
		FAE71E1F1DB4BFD300A92DA2 /* Option.m in Sources */ = {isa = PBXBuildFile; fileRef = FAE71E1E1DB4BFD300A92DA2 /* Option.m */; };
		FAED81191DA4FFD600A4EF39 /* StepOneCollectionViewCell.m in Sources */ = {isa = PBXBuildFile; fileRef = FAED81181DA4FFD600A4EF39 /* StepOneCollectionViewCell.m */; };
/* End PBXBuildFile section */

/* Begin PBXFileReference section */
		6306F5131D8FFBCC00915F22 /* HeaderInSectionView.h */ = {isa = PBXFileReference; fileEncoding = 4; lastKnownFileType = sourcecode.c.h; path = HeaderInSectionView.h; sourceTree = "<group>"; };
		6306F5141D8FFBCC00915F22 /* HeaderInSectionView.m */ = {isa = PBXFileReference; fileEncoding = 4; lastKnownFileType = sourcecode.c.objc; path = HeaderInSectionView.m; sourceTree = "<group>"; };
		6306F5161D9009F900915F22 /* ic_list_2x.png */ = {isa = PBXFileReference; lastKnownFileType = image.png; path = ic_list_2x.png; sourceTree = "<group>"; };
		6306F5171D9009F900915F22 /* ic_list_3x.png */ = {isa = PBXFileReference; lastKnownFileType = image.png; path = ic_list_3x.png; sourceTree = "<group>"; };
		6306F5181D9009F900915F22 /* ic_list.png */ = {isa = PBXFileReference; lastKnownFileType = image.png; path = ic_list.png; sourceTree = "<group>"; };
		6306F51F1D90133A00915F22 /* Contents.json */ = {isa = PBXFileReference; fileEncoding = 4; lastKnownFileType = text.json; path = Contents.json; sourceTree = "<group>"; };
		6306F5201D90133B00915F22 /* ic_exit_to_app.png */ = {isa = PBXFileReference; lastKnownFileType = image.png; path = ic_exit_to_app.png; sourceTree = "<group>"; };
		6306F5211D90133B00915F22 /* ic_exit_to_app_2x.png */ = {isa = PBXFileReference; lastKnownFileType = image.png; path = ic_exit_to_app_2x.png; sourceTree = "<group>"; };
		6306F5221D90133B00915F22 /* ic_exit_to_app_3x.png */ = {isa = PBXFileReference; lastKnownFileType = image.png; path = ic_exit_to_app_3x.png; sourceTree = "<group>"; };
		6306F5281D90134C00915F22 /* Contents.json */ = {isa = PBXFileReference; fileEncoding = 4; lastKnownFileType = text.json; path = Contents.json; sourceTree = "<group>"; };
		6306F5291D90134C00915F22 /* ic_map.png */ = {isa = PBXFileReference; lastKnownFileType = image.png; path = ic_map.png; sourceTree = "<group>"; };
		6306F52A1D90134C00915F22 /* ic_map_2x.png */ = {isa = PBXFileReference; lastKnownFileType = image.png; path = ic_map_2x.png; sourceTree = "<group>"; };
		6306F52B1D90134C00915F22 /* ic_map_3x.png */ = {isa = PBXFileReference; lastKnownFileType = image.png; path = ic_map_3x.png; sourceTree = "<group>"; };
		6306F5311D90136200915F22 /* Contents.json */ = {isa = PBXFileReference; fileEncoding = 4; lastKnownFileType = text.json; path = Contents.json; sourceTree = "<group>"; };
		6306F5321D90136200915F22 /* ic_inbox.png */ = {isa = PBXFileReference; lastKnownFileType = image.png; path = ic_inbox.png; sourceTree = "<group>"; };
		6306F5331D90136200915F22 /* ic_inbox_2x.png */ = {isa = PBXFileReference; lastKnownFileType = image.png; path = ic_inbox_2x.png; sourceTree = "<group>"; };
		6306F5341D90136200915F22 /* ic_inbox_3x.png */ = {isa = PBXFileReference; lastKnownFileType = image.png; path = ic_inbox_3x.png; sourceTree = "<group>"; };
		6306F53A1D90137100915F22 /* Contents.json */ = {isa = PBXFileReference; fileEncoding = 4; lastKnownFileType = text.json; path = Contents.json; sourceTree = "<group>"; };
		6306F53B1D90137100915F22 /* ic_info_outline.png */ = {isa = PBXFileReference; lastKnownFileType = image.png; path = ic_info_outline.png; sourceTree = "<group>"; };
		6306F53C1D90137100915F22 /* ic_info_outline_2x.png */ = {isa = PBXFileReference; lastKnownFileType = image.png; path = ic_info_outline_2x.png; sourceTree = "<group>"; };
		6306F53D1D90137100915F22 /* ic_info_outline_3x.png */ = {isa = PBXFileReference; lastKnownFileType = image.png; path = ic_info_outline_3x.png; sourceTree = "<group>"; };
		6306F53E1D90137100915F22 /* Thumbs.db */ = {isa = PBXFileReference; lastKnownFileType = file; path = Thumbs.db; sourceTree = "<group>"; };
		6306F5451D90138100915F22 /* Contents.json */ = {isa = PBXFileReference; fileEncoding = 4; lastKnownFileType = text.json; path = Contents.json; sourceTree = "<group>"; };
		6306F5461D90138100915F22 /* ic_person.png */ = {isa = PBXFileReference; lastKnownFileType = image.png; path = ic_person.png; sourceTree = "<group>"; };
		6306F5471D90138100915F22 /* ic_person_2x.png */ = {isa = PBXFileReference; lastKnownFileType = image.png; path = ic_person_2x.png; sourceTree = "<group>"; };
		6306F5481D90138100915F22 /* ic_person_3x.png */ = {isa = PBXFileReference; lastKnownFileType = image.png; path = ic_person_3x.png; sourceTree = "<group>"; };
		6306F54E1D90139000915F22 /* Contents.json */ = {isa = PBXFileReference; fileEncoding = 4; lastKnownFileType = text.json; path = Contents.json; sourceTree = "<group>"; };
		6306F54F1D90139000915F22 /* ic_lock_open.png */ = {isa = PBXFileReference; lastKnownFileType = image.png; path = ic_lock_open.png; sourceTree = "<group>"; };
		6306F5501D90139000915F22 /* ic_lock_open_2x.png */ = {isa = PBXFileReference; lastKnownFileType = image.png; path = ic_lock_open_2x.png; sourceTree = "<group>"; };
		6306F5511D90139000915F22 /* ic_lock_open_3x.png */ = {isa = PBXFileReference; lastKnownFileType = image.png; path = ic_lock_open_3x.png; sourceTree = "<group>"; };
		6306F5571D90139C00915F22 /* Contents.json */ = {isa = PBXFileReference; fileEncoding = 4; lastKnownFileType = text.json; path = Contents.json; sourceTree = "<group>"; };
		6306F5581D90139C00915F22 /* ic_content_paste.png */ = {isa = PBXFileReference; lastKnownFileType = image.png; path = ic_content_paste.png; sourceTree = "<group>"; };
		6306F5591D90139C00915F22 /* ic_content_paste_2x.png */ = {isa = PBXFileReference; lastKnownFileType = image.png; path = ic_content_paste_2x.png; sourceTree = "<group>"; };
		6306F55A1D90139C00915F22 /* ic_content_paste_3x.png */ = {isa = PBXFileReference; lastKnownFileType = image.png; path = ic_content_paste_3x.png; sourceTree = "<group>"; };
		6306F55F1D90149B00915F22 /* ServerManager.h */ = {isa = PBXFileReference; fileEncoding = 4; lastKnownFileType = sourcecode.c.h; path = ServerManager.h; sourceTree = "<group>"; };
		6306F5601D90149B00915F22 /* ServerManager.m */ = {isa = PBXFileReference; fileEncoding = 4; lastKnownFileType = sourcecode.c.objc; path = ServerManager.m; sourceTree = "<group>"; };
		6306F5631D90306200915F22 /* withoutDriver@1x.png */ = {isa = PBXFileReference; lastKnownFileType = image.png; path = "withoutDriver@1x.png"; sourceTree = "<group>"; };
		6306F5641D90306200915F22 /* withoutDriver2x.png */ = {isa = PBXFileReference; lastKnownFileType = image.png; path = withoutDriver2x.png; sourceTree = "<group>"; };
		6306F5651D90306200915F22 /* withoutDriver@3x.png */ = {isa = PBXFileReference; lastKnownFileType = image.png; path = "withoutDriver@3x.png"; sourceTree = "<group>"; };
		6306F5661D90306200915F22 /* withDriver2x.png */ = {isa = PBXFileReference; lastKnownFileType = image.png; path = withDriver2x.png; sourceTree = "<group>"; };
		6306F5671D90306200915F22 /* withDriver@1x.png */ = {isa = PBXFileReference; lastKnownFileType = image.png; path = "withDriver@1x.png"; sourceTree = "<group>"; };
		6306F5681D90306200915F22 /* withDriver@3x.png */ = {isa = PBXFileReference; lastKnownFileType = image.png; path = "withDriver@3x.png"; sourceTree = "<group>"; };
		633E003C1D86C0B400436D99 /* MainTabBaController.h */ = {isa = PBXFileReference; fileEncoding = 4; lastKnownFileType = sourcecode.c.h; path = MainTabBaController.h; sourceTree = "<group>"; };
		633E003D1D86C0B400436D99 /* MainTabBaController.m */ = {isa = PBXFileReference; fileEncoding = 4; lastKnownFileType = sourcecode.c.objc; path = MainTabBaController.m; sourceTree = "<group>"; };
		633E003F1D86D08700436D99 /* CostomTabBarItem.h */ = {isa = PBXFileReference; fileEncoding = 4; lastKnownFileType = sourcecode.c.h; path = CostomTabBarItem.h; sourceTree = "<group>"; };
		633E00401D86D08700436D99 /* CostomTabBarItem.m */ = {isa = PBXFileReference; fileEncoding = 4; lastKnownFileType = sourcecode.c.objc; path = CostomTabBarItem.m; sourceTree = "<group>"; };
		633E00421D86DDBE00436D99 /* CarWithoutDriverController.h */ = {isa = PBXFileReference; fileEncoding = 4; lastKnownFileType = sourcecode.c.h; path = CarWithoutDriverController.h; sourceTree = "<group>"; };
		633E00431D86DDBE00436D99 /* CarWithoutDriverController.m */ = {isa = PBXFileReference; fileEncoding = 4; lastKnownFileType = sourcecode.c.objc; path = CarWithoutDriverController.m; sourceTree = "<group>"; };
		633E00451D86DE0B00436D99 /* CarWithDriverController.h */ = {isa = PBXFileReference; fileEncoding = 4; lastKnownFileType = sourcecode.c.h; path = CarWithDriverController.h; sourceTree = "<group>"; };
		633E00461D86DE0B00436D99 /* CarWithDriverController.m */ = {isa = PBXFileReference; fileEncoding = 4; lastKnownFileType = sourcecode.c.objc; path = CarWithDriverController.m; sourceTree = "<group>"; };
		633E00481D86DE2A00436D99 /* OtherController.h */ = {isa = PBXFileReference; fileEncoding = 4; lastKnownFileType = sourcecode.c.h; path = OtherController.h; sourceTree = "<group>"; };
		633E00491D86DE2A00436D99 /* OtherController.m */ = {isa = PBXFileReference; fileEncoding = 4; lastKnownFileType = sourcecode.c.objc; path = OtherController.m; sourceTree = "<group>"; };
		633E004B1D86F18900436D99 /* CarMainCollectionViewCell.h */ = {isa = PBXFileReference; fileEncoding = 4; lastKnownFileType = sourcecode.c.h; path = CarMainCollectionViewCell.h; sourceTree = "<group>"; };
		633E004C1D86F18900436D99 /* CarMainCollectionViewCell.m */ = {isa = PBXFileReference; fileEncoding = 4; lastKnownFileType = sourcecode.c.objc; path = CarMainCollectionViewCell.m; sourceTree = "<group>"; };
		633E004E1D87310200436D99 /* lada.png */ = {isa = PBXFileReference; lastKnownFileType = image.png; path = lada.png; sourceTree = "<group>"; };
		633E00521D87F3C600436D99 /* overview_mac_ios_phone_icon.png */ = {isa = PBXFileReference; lastKnownFileType = image.png; path = overview_mac_ios_phone_icon.png; sourceTree = "<group>"; };
		633E00591D880F7800436D99 /* AFHTTPSessionManager.h */ = {isa = PBXFileReference; fileEncoding = 4; lastKnownFileType = sourcecode.c.h; path = AFHTTPSessionManager.h; sourceTree = "<group>"; };
		633E005A1D880F7800436D99 /* AFHTTPSessionManager.m */ = {isa = PBXFileReference; fileEncoding = 4; lastKnownFileType = sourcecode.c.objc; path = AFHTTPSessionManager.m; sourceTree = "<group>"; };
		633E005B1D880F7800436D99 /* AFNetworking.h */ = {isa = PBXFileReference; fileEncoding = 4; lastKnownFileType = sourcecode.c.h; path = AFNetworking.h; sourceTree = "<group>"; };
		633E005C1D880F7800436D99 /* AFNetworkReachabilityManager.h */ = {isa = PBXFileReference; fileEncoding = 4; lastKnownFileType = sourcecode.c.h; path = AFNetworkReachabilityManager.h; sourceTree = "<group>"; };
		633E005D1D880F7800436D99 /* AFNetworkReachabilityManager.m */ = {isa = PBXFileReference; fileEncoding = 4; lastKnownFileType = sourcecode.c.objc; path = AFNetworkReachabilityManager.m; sourceTree = "<group>"; };
		633E005E1D880F7800436D99 /* AFSecurityPolicy.h */ = {isa = PBXFileReference; fileEncoding = 4; lastKnownFileType = sourcecode.c.h; path = AFSecurityPolicy.h; sourceTree = "<group>"; };
		633E005F1D880F7800436D99 /* AFSecurityPolicy.m */ = {isa = PBXFileReference; fileEncoding = 4; lastKnownFileType = sourcecode.c.objc; path = AFSecurityPolicy.m; sourceTree = "<group>"; };
		633E00601D880F7800436D99 /* AFURLRequestSerialization.h */ = {isa = PBXFileReference; fileEncoding = 4; lastKnownFileType = sourcecode.c.h; path = AFURLRequestSerialization.h; sourceTree = "<group>"; };
		633E00611D880F7800436D99 /* AFURLRequestSerialization.m */ = {isa = PBXFileReference; fileEncoding = 4; lastKnownFileType = sourcecode.c.objc; path = AFURLRequestSerialization.m; sourceTree = "<group>"; };
		633E00621D880F7800436D99 /* AFURLResponseSerialization.h */ = {isa = PBXFileReference; fileEncoding = 4; lastKnownFileType = sourcecode.c.h; path = AFURLResponseSerialization.h; sourceTree = "<group>"; };
		633E00631D880F7800436D99 /* AFURLResponseSerialization.m */ = {isa = PBXFileReference; fileEncoding = 4; lastKnownFileType = sourcecode.c.objc; path = AFURLResponseSerialization.m; sourceTree = "<group>"; };
		633E00641D880F7800436D99 /* AFURLSessionManager.h */ = {isa = PBXFileReference; fileEncoding = 4; lastKnownFileType = sourcecode.c.h; path = AFURLSessionManager.h; sourceTree = "<group>"; };
		633E00651D880F7800436D99 /* AFURLSessionManager.m */ = {isa = PBXFileReference; fileEncoding = 4; lastKnownFileType = sourcecode.c.objc; path = AFURLSessionManager.m; sourceTree = "<group>"; };
		633E006D1D880F8000436D99 /* AFAutoPurgingImageCache.h */ = {isa = PBXFileReference; fileEncoding = 4; lastKnownFileType = sourcecode.c.h; path = AFAutoPurgingImageCache.h; sourceTree = "<group>"; };
		633E006E1D880F8000436D99 /* AFAutoPurgingImageCache.m */ = {isa = PBXFileReference; fileEncoding = 4; lastKnownFileType = sourcecode.c.objc; path = AFAutoPurgingImageCache.m; sourceTree = "<group>"; };
		633E006F1D880F8000436D99 /* AFImageDownloader.h */ = {isa = PBXFileReference; fileEncoding = 4; lastKnownFileType = sourcecode.c.h; path = AFImageDownloader.h; sourceTree = "<group>"; };
		633E00701D880F8000436D99 /* AFImageDownloader.m */ = {isa = PBXFileReference; fileEncoding = 4; lastKnownFileType = sourcecode.c.objc; path = AFImageDownloader.m; sourceTree = "<group>"; };
		633E00711D880F8000436D99 /* AFNetworkActivityIndicatorManager.h */ = {isa = PBXFileReference; fileEncoding = 4; lastKnownFileType = sourcecode.c.h; path = AFNetworkActivityIndicatorManager.h; sourceTree = "<group>"; };
		633E00721D880F8000436D99 /* AFNetworkActivityIndicatorManager.m */ = {isa = PBXFileReference; fileEncoding = 4; lastKnownFileType = sourcecode.c.objc; path = AFNetworkActivityIndicatorManager.m; sourceTree = "<group>"; };
		633E00731D880F8000436D99 /* UIActivityIndicatorView+AFNetworking.h */ = {isa = PBXFileReference; fileEncoding = 4; lastKnownFileType = sourcecode.c.h; path = "UIActivityIndicatorView+AFNetworking.h"; sourceTree = "<group>"; };
		633E00741D880F8000436D99 /* UIActivityIndicatorView+AFNetworking.m */ = {isa = PBXFileReference; fileEncoding = 4; lastKnownFileType = sourcecode.c.objc; path = "UIActivityIndicatorView+AFNetworking.m"; sourceTree = "<group>"; };
		633E00751D880F8000436D99 /* UIButton+AFNetworking.h */ = {isa = PBXFileReference; fileEncoding = 4; lastKnownFileType = sourcecode.c.h; path = "UIButton+AFNetworking.h"; sourceTree = "<group>"; };
		633E00761D880F8000436D99 /* UIButton+AFNetworking.m */ = {isa = PBXFileReference; fileEncoding = 4; lastKnownFileType = sourcecode.c.objc; path = "UIButton+AFNetworking.m"; sourceTree = "<group>"; };
		633E00771D880F8000436D99 /* UIImage+AFNetworking.h */ = {isa = PBXFileReference; fileEncoding = 4; lastKnownFileType = sourcecode.c.h; path = "UIImage+AFNetworking.h"; sourceTree = "<group>"; };
		633E00781D880F8000436D99 /* UIImageView+AFNetworking.h */ = {isa = PBXFileReference; fileEncoding = 4; lastKnownFileType = sourcecode.c.h; path = "UIImageView+AFNetworking.h"; sourceTree = "<group>"; };
		633E00791D880F8000436D99 /* UIImageView+AFNetworking.m */ = {isa = PBXFileReference; fileEncoding = 4; lastKnownFileType = sourcecode.c.objc; path = "UIImageView+AFNetworking.m"; sourceTree = "<group>"; };
		633E007A1D880F8000436D99 /* UIKit+AFNetworking.h */ = {isa = PBXFileReference; fileEncoding = 4; lastKnownFileType = sourcecode.c.h; path = "UIKit+AFNetworking.h"; sourceTree = "<group>"; };
		633E007B1D880F8000436D99 /* UIProgressView+AFNetworking.h */ = {isa = PBXFileReference; fileEncoding = 4; lastKnownFileType = sourcecode.c.h; path = "UIProgressView+AFNetworking.h"; sourceTree = "<group>"; };
		633E007C1D880F8000436D99 /* UIProgressView+AFNetworking.m */ = {isa = PBXFileReference; fileEncoding = 4; lastKnownFileType = sourcecode.c.objc; path = "UIProgressView+AFNetworking.m"; sourceTree = "<group>"; };
		633E007D1D880F8000436D99 /* UIRefreshControl+AFNetworking.h */ = {isa = PBXFileReference; fileEncoding = 4; lastKnownFileType = sourcecode.c.h; path = "UIRefreshControl+AFNetworking.h"; sourceTree = "<group>"; };
		633E007E1D880F8000436D99 /* UIRefreshControl+AFNetworking.m */ = {isa = PBXFileReference; fileEncoding = 4; lastKnownFileType = sourcecode.c.objc; path = "UIRefreshControl+AFNetworking.m"; sourceTree = "<group>"; };
		633E007F1D880F8000436D99 /* UIWebView+AFNetworking.h */ = {isa = PBXFileReference; fileEncoding = 4; lastKnownFileType = sourcecode.c.h; path = "UIWebView+AFNetworking.h"; sourceTree = "<group>"; };
		633E00801D880F8000436D99 /* UIWebView+AFNetworking.m */ = {isa = PBXFileReference; fileEncoding = 4; lastKnownFileType = sourcecode.c.objc; path = "UIWebView+AFNetworking.m"; sourceTree = "<group>"; };
		633E008B1D8811E900436D99 /* SWRevealViewController.h */ = {isa = PBXFileReference; fileEncoding = 4; lastKnownFileType = sourcecode.c.h; path = SWRevealViewController.h; sourceTree = "<group>"; };
		633E008C1D8811E900436D99 /* SWRevealViewController.m */ = {isa = PBXFileReference; fileEncoding = 4; lastKnownFileType = sourcecode.c.objc; path = SWRevealViewController.m; sourceTree = "<group>"; };
		633E008E1D8812F800436D99 /* SliderBarViewController.h */ = {isa = PBXFileReference; fileEncoding = 4; lastKnownFileType = sourcecode.c.h; path = SliderBarViewController.h; sourceTree = "<group>"; };
		633E008F1D8812F800436D99 /* SliderBarViewController.m */ = {isa = PBXFileReference; fileEncoding = 4; lastKnownFileType = sourcecode.c.objc; path = SliderBarViewController.m; sourceTree = "<group>"; };
		633E00911D888A4300436D99 /* WithoutDriverDetailController.h */ = {isa = PBXFileReference; fileEncoding = 4; lastKnownFileType = sourcecode.c.h; path = WithoutDriverDetailController.h; sourceTree = "<group>"; };
		633E00921D888A4300436D99 /* WithoutDriverDetailController.m */ = {isa = PBXFileReference; fileEncoding = 4; lastKnownFileType = sourcecode.c.objc; path = WithoutDriverDetailController.m; sourceTree = "<group>"; };
		633E00971D8A96EA00436D99 /* Category.h */ = {isa = PBXFileReference; fileEncoding = 4; lastKnownFileType = sourcecode.c.h; path = Category.h; sourceTree = "<group>"; };
		633E00981D8A96EA00436D99 /* Category.m */ = {isa = PBXFileReference; fileEncoding = 4; lastKnownFileType = sourcecode.c.objc; path = Category.m; sourceTree = "<group>"; };
		6359CE941D92709700E76AD4 /* van.png */ = {isa = PBXFileReference; lastKnownFileType = image.png; path = van.png; sourceTree = "<group>"; };
		6359CE951D92709700E76AD4 /* bisness.png */ = {isa = PBXFileReference; lastKnownFileType = image.png; path = bisness.png; sourceTree = "<group>"; };
		6359CE981D92741E00E76AD4 /* akpp120x90.jpg */ = {isa = PBXFileReference; lastKnownFileType = image.jpeg; path = akpp120x90.jpg; sourceTree = "<group>"; };
		6359CE991D92741E00E76AD4 /* mkpp120x90.jpg */ = {isa = PBXFileReference; lastKnownFileType = image.jpeg; path = mkpp120x90.jpg; sourceTree = "<group>"; };
		6359CE9E1D927B5000E76AD4 /* withD.png */ = {isa = PBXFileReference; lastKnownFileType = image.png; path = withD.png; sourceTree = "<group>"; };
		6359CE9F1D927B5000E76AD4 /* offroadWithDriver.png */ = {isa = PBXFileReference; lastKnownFileType = image.png; path = offroadWithDriver.png; sourceTree = "<group>"; };
		6359CEA01D927B5000E76AD4 /* bus.png */ = {isa = PBXFileReference; lastKnownFileType = image.png; path = bus.png; sourceTree = "<group>"; };
		6359CEA11D927B5000E76AD4 /* vanWithDriver.png */ = {isa = PBXFileReference; lastKnownFileType = image.png; path = vanWithDriver.png; sourceTree = "<group>"; };
		6359CEA61D928F5700E76AD4 /* OtherCollectionViewCell.h */ = {isa = PBXFileReference; fileEncoding = 4; lastKnownFileType = sourcecode.c.h; path = OtherCollectionViewCell.h; sourceTree = "<group>"; };
		6359CEA71D928F5700E76AD4 /* OtherCollectionViewCell.m */ = {isa = PBXFileReference; fileEncoding = 4; lastKnownFileType = sourcecode.c.objc; path = OtherCollectionViewCell.m; sourceTree = "<group>"; };
		636441C31D97C0CD00089E84 /* CarWithoutDriverDetailsCell.h */ = {isa = PBXFileReference; fileEncoding = 4; lastKnownFileType = sourcecode.c.h; path = CarWithoutDriverDetailsCell.h; sourceTree = "<group>"; };
		636441C41D97C0CD00089E84 /* CarWithoutDriverDetailsCell.m */ = {isa = PBXFileReference; fileEncoding = 4; lastKnownFileType = sourcecode.c.objc; path = CarWithoutDriverDetailsCell.m; sourceTree = "<group>"; };
		636441C71D97EB3900089E84 /* Contents.json */ = {isa = PBXFileReference; fileEncoding = 4; lastKnownFileType = text.json; path = Contents.json; sourceTree = "<group>"; };
		636441C81D97EB3900089E84 /* ic_arrow_drop_up.png */ = {isa = PBXFileReference; lastKnownFileType = image.png; path = ic_arrow_drop_up.png; sourceTree = "<group>"; };
		636441C91D97EB3900089E84 /* ic_arrow_drop_up_2x.png */ = {isa = PBXFileReference; lastKnownFileType = image.png; path = ic_arrow_drop_up_2x.png; sourceTree = "<group>"; };
		636441CA1D97EB3900089E84 /* ic_arrow_drop_up_3x.png */ = {isa = PBXFileReference; lastKnownFileType = image.png; path = ic_arrow_drop_up_3x.png; sourceTree = "<group>"; };
		636441D01D97EB6800089E84 /* Contents.json */ = {isa = PBXFileReference; fileEncoding = 4; lastKnownFileType = text.json; path = Contents.json; sourceTree = "<group>"; };
		636441D11D97EB6800089E84 /* ic_arrow_drop_down.png */ = {isa = PBXFileReference; lastKnownFileType = image.png; path = ic_arrow_drop_down.png; sourceTree = "<group>"; };
		636441D21D97EB6800089E84 /* ic_arrow_drop_down_2x.png */ = {isa = PBXFileReference; lastKnownFileType = image.png; path = ic_arrow_drop_down_2x.png; sourceTree = "<group>"; };
		636441D31D97EB6800089E84 /* ic_arrow_drop_down_3x.png */ = {isa = PBXFileReference; lastKnownFileType = image.png; path = ic_arrow_drop_down_3x.png; sourceTree = "<group>"; };
		636AB1F91D84105C00D33413 /* AppDelegate.m */ = {isa = PBXFileReference; fileEncoding = 4; lastKnownFileType = sourcecode.c.objc; path = AppDelegate.m; sourceTree = "<group>"; };
		636B853F1D993B4E005623EB /* Car.h */ = {isa = PBXFileReference; fileEncoding = 4; lastKnownFileType = sourcecode.c.h; path = Car.h; sourceTree = "<group>"; };
		636B85401D993B4E005623EB /* Car.m */ = {isa = PBXFileReference; fileEncoding = 4; lastKnownFileType = sourcecode.c.objc; path = Car.m; sourceTree = "<group>"; };
		63F4B85A1D82C842006B391D /* ProkatAuto31.app */ = {isa = PBXFileReference; explicitFileType = wrapper.application; includeInIndex = 0; path = ProkatAuto31.app; sourceTree = BUILT_PRODUCTS_DIR; };
		63F4B85E1D82C842006B391D /* main.m */ = {isa = PBXFileReference; lastKnownFileType = sourcecode.c.objc; path = main.m; sourceTree = "<group>"; };
		63F4B8601D82C842006B391D /* AppDelegate.h */ = {isa = PBXFileReference; lastKnownFileType = sourcecode.c.h; path = AppDelegate.h; sourceTree = "<group>"; };
		63F4B8671D82C842006B391D /* Base */ = {isa = PBXFileReference; lastKnownFileType = file.storyboard; name = Base; path = Base.lproj/Main.storyboard; sourceTree = "<group>"; };
		63F4B8691D82C842006B391D /* Assets.xcassets */ = {isa = PBXFileReference; lastKnownFileType = folder.assetcatalog; path = Assets.xcassets; sourceTree = "<group>"; };
		63F4B86C1D82C842006B391D /* Base */ = {isa = PBXFileReference; lastKnownFileType = file.storyboard; name = Base; path = Base.lproj/LaunchScreen.storyboard; sourceTree = "<group>"; };
		63F4B86E1D82C842006B391D /* Info.plist */ = {isa = PBXFileReference; lastKnownFileType = text.plist.xml; path = Info.plist; sourceTree = "<group>"; };
		FA06A3C31DA8D8B000E4DB5F /* Order.h */ = {isa = PBXFileReference; fileEncoding = 4; lastKnownFileType = sourcecode.c.h; path = Order.h; sourceTree = "<group>"; };
		FA06A3C41DA8D8B000E4DB5F /* Order.m */ = {isa = PBXFileReference; fileEncoding = 4; lastKnownFileType = sourcecode.c.objc; path = Order.m; sourceTree = "<group>"; };
		FA06A3D71DA8F50800E4DB5F /* RCDatePicker.h */ = {isa = PBXFileReference; fileEncoding = 4; lastKnownFileType = sourcecode.c.h; path = RCDatePicker.h; sourceTree = "<group>"; };
		FA06A3D81DA8F50800E4DB5F /* RCDatePicker.m */ = {isa = PBXFileReference; fileEncoding = 4; lastKnownFileType = sourcecode.c.objc; path = RCDatePicker.m; sourceTree = "<group>"; };
		FA2015961DAE65BB0091D953 /* Place.h */ = {isa = PBXFileReference; fileEncoding = 4; lastKnownFileType = sourcecode.c.h; path = Place.h; sourceTree = "<group>"; };
		FA2015971DAE65BB0091D953 /* Place.m */ = {isa = PBXFileReference; fileEncoding = 4; lastKnownFileType = sourcecode.c.objc; path = Place.m; sourceTree = "<group>"; };
		FA2506E91DBBF3DA00EF507A /* User.h */ = {isa = PBXFileReference; fileEncoding = 4; lastKnownFileType = sourcecode.c.h; path = User.h; sourceTree = "<group>"; };
		FA2506EA1DBBF3DA00EF507A /* User.m */ = {isa = PBXFileReference; fileEncoding = 4; lastKnownFileType = sourcecode.c.objc; path = User.m; sourceTree = "<group>"; };
		FA5D275B1DAD2BBB0012FF57 /* RCPickerView.h */ = {isa = PBXFileReference; fileEncoding = 4; lastKnownFileType = sourcecode.c.h; path = RCPickerView.h; sourceTree = "<group>"; };
		FA5D275C1DAD2BBB0012FF57 /* RCPickerView.m */ = {isa = PBXFileReference; fileEncoding = 4; lastKnownFileType = sourcecode.c.objc; path = RCPickerView.m; sourceTree = "<group>"; };
		FA6A6A911DB5079D003BB8D1 /* ButtonCell.h */ = {isa = PBXFileReference; fileEncoding = 4; lastKnownFileType = sourcecode.c.h; path = ButtonCell.h; sourceTree = "<group>"; };
		FA6A6A921DB5079D003BB8D1 /* ButtonCell.m */ = {isa = PBXFileReference; fileEncoding = 4; lastKnownFileType = sourcecode.c.objc; path = ButtonCell.m; sourceTree = "<group>"; };
		FA70B4481DB7B5B80088FFE3 /* RCTextField.h */ = {isa = PBXFileReference; fileEncoding = 4; lastKnownFileType = sourcecode.c.h; path = RCTextField.h; sourceTree = "<group>"; };
		FA70B4491DB7B5B80088FFE3 /* RCTextField.m */ = {isa = PBXFileReference; fileEncoding = 4; lastKnownFileType = sourcecode.c.objc; path = RCTextField.m; sourceTree = "<group>"; };
		FA7A56621DA7CAC400CD6975 /* RCViewController.h */ = {isa = PBXFileReference; fileEncoding = 4; lastKnownFileType = sourcecode.c.h; path = RCViewController.h; sourceTree = "<group>"; };
		FA7A56631DA7CAC400CD6975 /* RCViewController.m */ = {isa = PBXFileReference; fileEncoding = 4; lastKnownFileType = sourcecode.c.objc; path = RCViewController.m; sourceTree = "<group>"; };
		FA7E82A41DA3B85F00F5BFB4 /* navBack.png */ = {isa = PBXFileReference; lastKnownFileType = image.png; path = navBack.png; sourceTree = "<group>"; };
		FA7E82A81DA3C0FA00F5BFB4 /* Back-25.png */ = {isa = PBXFileReference; lastKnownFileType = image.png; path = "Back-25.png"; sourceTree = "<group>"; };
		FA7E82AA1DA3CF4500F5BFB4 /* StepOneWithoutDriverController.h */ = {isa = PBXFileReference; fileEncoding = 4; lastKnownFileType = sourcecode.c.h; path = StepOneWithoutDriverController.h; sourceTree = "<group>"; };
		FA7E82AB1DA3CF4500F5BFB4 /* StepOneWithoutDriverController.m */ = {isa = PBXFileReference; fileEncoding = 4; lastKnownFileType = sourcecode.c.objc; path = StepOneWithoutDriverController.m; sourceTree = "<group>"; };
		FA88FD841DAB8A0A0039CF33 /* ic_menu_2x.png */ = {isa = PBXFileReference; lastKnownFileType = image.png; path = ic_menu_2x.png; sourceTree = "<group>"; };
		FA88FD851DAB8A0A0039CF33 /* ic_menu_3x.png */ = {isa = PBXFileReference; lastKnownFileType = image.png; path = ic_menu_3x.png; sourceTree = "<group>"; };
		FA88FD861DAB8A0A0039CF33 /* ic_menu.png */ = {isa = PBXFileReference; lastKnownFileType = image.png; path = ic_menu.png; sourceTree = "<group>"; };
		FA88FD901DABB1380039CF33 /* depositphotos_45370071-Car-insurance-icons-2.png */ = {isa = PBXFileReference; lastKnownFileType = image.png; path = "depositphotos_45370071-Car-insurance-icons-2.png"; sourceTree = "<group>"; };
		FA88FD921DABB2220039CF33 /* 12.png */ = {isa = PBXFileReference; lastKnownFileType = image.png; path = 12.png; sourceTree = "<group>"; };
		FA9DB7871DB66925006D81D5 /* RegistrationController.h */ = {isa = PBXFileReference; fileEncoding = 4; lastKnownFileType = sourcecode.c.h; path = RegistrationController.h; sourceTree = "<group>"; };
		FA9DB7881DB66925006D81D5 /* RegistrationController.m */ = {isa = PBXFileReference; fileEncoding = 4; lastKnownFileType = sourcecode.c.objc; path = RegistrationController.m; sourceTree = "<group>"; };
		FABFC1C71DB8EE48004BFF9E /* Person.h */ = {isa = PBXFileReference; fileEncoding = 4; lastKnownFileType = sourcecode.c.h; path = Person.h; sourceTree = "<group>"; };
		FABFC1C81DB8EE48004BFF9E /* Person.m */ = {isa = PBXFileReference; fileEncoding = 4; lastKnownFileType = sourcecode.c.objc; path = Person.m; sourceTree = "<group>"; };
		FAC2E4641DAED28D0045A3C4 /* StepTwoWithoutDriverController.h */ = {isa = PBXFileReference; fileEncoding = 4; lastKnownFileType = sourcecode.c.h; path = StepTwoWithoutDriverController.h; sourceTree = "<group>"; };
		FAC2E4651DAED28D0045A3C4 /* StepTwoWithoutDriverController.m */ = {isa = PBXFileReference; fileEncoding = 4; lastKnownFileType = sourcecode.c.objc; path = StepTwoWithoutDriverController.m; sourceTree = "<group>"; };
		FAC2E4671DAF7AFA0045A3C4 /* StepTwoMainCell.h */ = {isa = PBXFileReference; fileEncoding = 4; lastKnownFileType = sourcecode.c.h; path = StepTwoMainCell.h; sourceTree = "<group>"; };
		FAC2E4681DAF7AFA0045A3C4 /* StepTwoMainCell.m */ = {isa = PBXFileReference; fileEncoding = 4; lastKnownFileType = sourcecode.c.objc; path = StepTwoMainCell.m; sourceTree = "<group>"; };
		FAC2E46A1DAF82DB0045A3C4 /* StepTwoOptionsCell.h */ = {isa = PBXFileReference; fileEncoding = 4; lastKnownFileType = sourcecode.c.h; path = StepTwoOptionsCell.h; sourceTree = "<group>"; };
		FAC2E46B1DAF82DB0045A3C4 /* StepTwoOptionsCell.m */ = {isa = PBXFileReference; fileEncoding = 4; lastKnownFileType = sourcecode.c.objc; path = StepTwoOptionsCell.m; sourceTree = "<group>"; };
		FAE71E1D1DB4BFD300A92DA2 /* Option.h */ = {isa = PBXFileReference; fileEncoding = 4; lastKnownFileType = sourcecode.c.h; path = Option.h; sourceTree = "<group>"; };
		FAE71E1E1DB4BFD300A92DA2 /* Option.m */ = {isa = PBXFileReference; fileEncoding = 4; lastKnownFileType = sourcecode.c.objc; path = Option.m; sourceTree = "<group>"; };
		FAED81171DA4FFD600A4EF39 /* StepOneCollectionViewCell.h */ = {isa = PBXFileReference; fileEncoding = 4; lastKnownFileType = sourcecode.c.h; path = StepOneCollectionViewCell.h; sourceTree = "<group>"; };
		FAED81181DA4FFD600A4EF39 /* StepOneCollectionViewCell.m */ = {isa = PBXFileReference; fileEncoding = 4; lastKnownFileType = sourcecode.c.objc; path = StepOneCollectionViewCell.m; sourceTree = "<group>"; };
/* End PBXFileReference section */

/* Begin PBXFrameworksBuildPhase section */
		63F4B8571D82C842006B391D /* Frameworks */ = {
			isa = PBXFrameworksBuildPhase;
			buildActionMask = 2147483647;
			files = (
			);
			runOnlyForDeploymentPostprocessing = 0;
		};
/* End PBXFrameworksBuildPhase section */

/* Begin PBXGroup section */
		6306F51C1D9012E100915F22 /* Buttons */ = {
			isa = PBXGroup;
			children = (
				633E00521D87F3C600436D99 /* overview_mac_ios_phone_icon.png */,
				6306F5161D9009F900915F22 /* ic_list_2x.png */,
				6306F5171D9009F900915F22 /* ic_list_3x.png */,
				6306F5181D9009F900915F22 /* ic_list.png */,
			);
			name = Buttons;
			sourceTree = "<group>";
		};
		6306F51D1D90131400915F22 /* LeftMenu */ = {
			isa = PBXGroup;
			children = (
				6306F5561D90139C00915F22 /* ic_content_paste.imageset */,
				6306F54D1D90139000915F22 /* ic_lock_open.imageset */,
				6306F5441D90138100915F22 /* ic_person.imageset */,
				6306F5391D90137100915F22 /* ic_info_outline.imageset */,
				6306F5301D90136200915F22 /* ic_inbox.imageset */,
				6306F5271D90134C00915F22 /* ic_map.imageset */,
				6306F51E1D90133A00915F22 /* ic_exit_to_app.imageset */,
			);
			name = LeftMenu;
			sourceTree = "<group>";
		};
		6306F51E1D90133A00915F22 /* ic_exit_to_app.imageset */ = {
			isa = PBXGroup;
			children = (
				6306F51F1D90133A00915F22 /* Contents.json */,
				6306F5201D90133B00915F22 /* ic_exit_to_app.png */,
				6306F5211D90133B00915F22 /* ic_exit_to_app_2x.png */,
				6306F5221D90133B00915F22 /* ic_exit_to_app_3x.png */,
			);
			path = ic_exit_to_app.imageset;
			sourceTree = "<group>";
		};
		6306F5271D90134C00915F22 /* ic_map.imageset */ = {
			isa = PBXGroup;
			children = (
				6306F5281D90134C00915F22 /* Contents.json */,
				6306F5291D90134C00915F22 /* ic_map.png */,
				6306F52A1D90134C00915F22 /* ic_map_2x.png */,
				6306F52B1D90134C00915F22 /* ic_map_3x.png */,
			);
			path = ic_map.imageset;
			sourceTree = "<group>";
		};
		6306F5301D90136200915F22 /* ic_inbox.imageset */ = {
			isa = PBXGroup;
			children = (
				6306F5311D90136200915F22 /* Contents.json */,
				6306F5321D90136200915F22 /* ic_inbox.png */,
				6306F5331D90136200915F22 /* ic_inbox_2x.png */,
				6306F5341D90136200915F22 /* ic_inbox_3x.png */,
			);
			path = ic_inbox.imageset;
			sourceTree = "<group>";
		};
		6306F5391D90137100915F22 /* ic_info_outline.imageset */ = {
			isa = PBXGroup;
			children = (
				6306F53A1D90137100915F22 /* Contents.json */,
				6306F53B1D90137100915F22 /* ic_info_outline.png */,
				6306F53C1D90137100915F22 /* ic_info_outline_2x.png */,
				6306F53D1D90137100915F22 /* ic_info_outline_3x.png */,
				6306F53E1D90137100915F22 /* Thumbs.db */,
			);
			path = ic_info_outline.imageset;
			sourceTree = "<group>";
		};
		6306F5441D90138100915F22 /* ic_person.imageset */ = {
			isa = PBXGroup;
			children = (
				6306F5451D90138100915F22 /* Contents.json */,
				6306F5461D90138100915F22 /* ic_person.png */,
				6306F5471D90138100915F22 /* ic_person_2x.png */,
				6306F5481D90138100915F22 /* ic_person_3x.png */,
			);
			path = ic_person.imageset;
			sourceTree = "<group>";
		};
		6306F54D1D90139000915F22 /* ic_lock_open.imageset */ = {
			isa = PBXGroup;
			children = (
				6306F54E1D90139000915F22 /* Contents.json */,
				6306F54F1D90139000915F22 /* ic_lock_open.png */,
				6306F5501D90139000915F22 /* ic_lock_open_2x.png */,
				6306F5511D90139000915F22 /* ic_lock_open_3x.png */,
			);
			path = ic_lock_open.imageset;
			sourceTree = "<group>";
		};
		6306F5561D90139C00915F22 /* ic_content_paste.imageset */ = {
			isa = PBXGroup;
			children = (
				6306F5571D90139C00915F22 /* Contents.json */,
				6306F5581D90139C00915F22 /* ic_content_paste.png */,
				6306F5591D90139C00915F22 /* ic_content_paste_2x.png */,
				6306F55A1D90139C00915F22 /* ic_content_paste_3x.png */,
			);
			path = ic_content_paste.imageset;
			sourceTree = "<group>";
		};
		6306F5621D90304E00915F22 /* mainScreen */ = {
			isa = PBXGroup;
			children = (
				FA88FD921DABB2220039CF33 /* 12.png */,
				FA88FD901DABB1380039CF33 /* depositphotos_45370071-Car-insurance-icons-2.png */,
				FA88FD841DAB8A0A0039CF33 /* ic_menu_2x.png */,
				FA88FD851DAB8A0A0039CF33 /* ic_menu_3x.png */,
				FA88FD861DAB8A0A0039CF33 /* ic_menu.png */,
				6306F5631D90306200915F22 /* withoutDriver@1x.png */,
				6306F5641D90306200915F22 /* withoutDriver2x.png */,
				6306F5651D90306200915F22 /* withoutDriver@3x.png */,
				6306F5661D90306200915F22 /* withDriver2x.png */,
				6306F5671D90306200915F22 /* withDriver@1x.png */,
				6306F5681D90306200915F22 /* withDriver@3x.png */,
			);
			name = mainScreen;
			sourceTree = "<group>";
		};
		633E00571D880F1400436D99 /* images */ = {
			isa = PBXGroup;
			children = (
				FA7E82A81DA3C0FA00F5BFB4 /* Back-25.png */,
				FA7E82A41DA3B85F00F5BFB4 /* navBack.png */,
				636441CF1D97EB6800089E84 /* ic_arrow_drop_down.imageset */,
				636441C61D97EB3900089E84 /* ic_arrow_drop_up.imageset */,
				6359CE9C1D9276EA00E76AD4 /* Category */,
				6306F5621D90304E00915F22 /* mainScreen */,
				6306F51D1D90131400915F22 /* LeftMenu */,
				6306F51C1D9012E100915F22 /* Buttons */,
			);
			name = images;
			sourceTree = "<group>";
		};
		633E00581D880F7800436D99 /* AFNetworking */ = {
			isa = PBXGroup;
			children = (
				633E00591D880F7800436D99 /* AFHTTPSessionManager.h */,
				633E005A1D880F7800436D99 /* AFHTTPSessionManager.m */,
				633E005B1D880F7800436D99 /* AFNetworking.h */,
				633E005C1D880F7800436D99 /* AFNetworkReachabilityManager.h */,
				633E005D1D880F7800436D99 /* AFNetworkReachabilityManager.m */,
				633E005E1D880F7800436D99 /* AFSecurityPolicy.h */,
				633E005F1D880F7800436D99 /* AFSecurityPolicy.m */,
				633E00601D880F7800436D99 /* AFURLRequestSerialization.h */,
				633E00611D880F7800436D99 /* AFURLRequestSerialization.m */,
				633E00621D880F7800436D99 /* AFURLResponseSerialization.h */,
				633E00631D880F7800436D99 /* AFURLResponseSerialization.m */,
				633E00641D880F7800436D99 /* AFURLSessionManager.h */,
				633E00651D880F7800436D99 /* AFURLSessionManager.m */,
			);
			path = AFNetworking;
			sourceTree = "<group>";
		};
		633E006C1D880F8000436D99 /* UIKit+AFNetworking */ = {
			isa = PBXGroup;
			children = (
				633E006D1D880F8000436D99 /* AFAutoPurgingImageCache.h */,
				633E006E1D880F8000436D99 /* AFAutoPurgingImageCache.m */,
				633E006F1D880F8000436D99 /* AFImageDownloader.h */,
				633E00701D880F8000436D99 /* AFImageDownloader.m */,
				633E00711D880F8000436D99 /* AFNetworkActivityIndicatorManager.h */,
				633E00721D880F8000436D99 /* AFNetworkActivityIndicatorManager.m */,
				633E00731D880F8000436D99 /* UIActivityIndicatorView+AFNetworking.h */,
				633E00741D880F8000436D99 /* UIActivityIndicatorView+AFNetworking.m */,
				633E00751D880F8000436D99 /* UIButton+AFNetworking.h */,
				633E00761D880F8000436D99 /* UIButton+AFNetworking.m */,
				633E00771D880F8000436D99 /* UIImage+AFNetworking.h */,
				633E00781D880F8000436D99 /* UIImageView+AFNetworking.h */,
				633E00791D880F8000436D99 /* UIImageView+AFNetworking.m */,
				633E007A1D880F8000436D99 /* UIKit+AFNetworking.h */,
				633E007B1D880F8000436D99 /* UIProgressView+AFNetworking.h */,
				633E007C1D880F8000436D99 /* UIProgressView+AFNetworking.m */,
				633E007D1D880F8000436D99 /* UIRefreshControl+AFNetworking.h */,
				633E007E1D880F8000436D99 /* UIRefreshControl+AFNetworking.m */,
				633E007F1D880F8000436D99 /* UIWebView+AFNetworking.h */,
				633E00801D880F8000436D99 /* UIWebView+AFNetworking.m */,
			);
			name = "UIKit+AFNetworking";
			path = "AFNetworking/UIKit+AFNetworking";
			sourceTree = "<group>";
		};
		633E008A1D8811E900436D99 /* SWRevealViewController */ = {
			isa = PBXGroup;
			children = (
				633E008B1D8811E900436D99 /* SWRevealViewController.h */,
				633E008C1D8811E900436D99 /* SWRevealViewController.m */,
			);
			path = SWRevealViewController;
			sourceTree = "<group>";
		};
		6359CE9C1D9276EA00E76AD4 /* Category */ = {
			isa = PBXGroup;
			children = (
				6359CE9E1D927B5000E76AD4 /* withD.png */,
				6359CE9F1D927B5000E76AD4 /* offroadWithDriver.png */,
				6359CEA01D927B5000E76AD4 /* bus.png */,
				6359CEA11D927B5000E76AD4 /* vanWithDriver.png */,
				6359CE951D92709700E76AD4 /* bisness.png */,
				6359CE941D92709700E76AD4 /* van.png */,
				6359CE981D92741E00E76AD4 /* akpp120x90.jpg */,
				6359CE991D92741E00E76AD4 /* mkpp120x90.jpg */,
				633E004E1D87310200436D99 /* lada.png */,
			);
			name = Category;
			sourceTree = "<group>";
		};
		636441C61D97EB3900089E84 /* ic_arrow_drop_up.imageset */ = {
			isa = PBXGroup;
			children = (
				636441C71D97EB3900089E84 /* Contents.json */,
				636441C81D97EB3900089E84 /* ic_arrow_drop_up.png */,
				636441C91D97EB3900089E84 /* ic_arrow_drop_up_2x.png */,
				636441CA1D97EB3900089E84 /* ic_arrow_drop_up_3x.png */,
			);
			path = ic_arrow_drop_up.imageset;
			sourceTree = "<group>";
		};
		636441CF1D97EB6800089E84 /* ic_arrow_drop_down.imageset */ = {
			isa = PBXGroup;
			children = (
				636441D01D97EB6800089E84 /* Contents.json */,
				636441D11D97EB6800089E84 /* ic_arrow_drop_down.png */,
				636441D21D97EB6800089E84 /* ic_arrow_drop_down_2x.png */,
				636441D31D97EB6800089E84 /* ic_arrow_drop_down_3x.png */,
			);
			name = ic_arrow_drop_down.imageset;
			path = ic_arrow_drop_up.imageset/ic_arrow_drop_down.imageset;
			sourceTree = "<group>";
		};
		636AB1FB1D84106800D33413 /* Controllers */ = {
			isa = PBXGroup;
			children = (
				633E003C1D86C0B400436D99 /* MainTabBaController.h */,
				633E003D1D86C0B400436D99 /* MainTabBaController.m */,
				633E00421D86DDBE00436D99 /* CarWithoutDriverController.h */,
				633E00431D86DDBE00436D99 /* CarWithoutDriverController.m */,
				633E00451D86DE0B00436D99 /* CarWithDriverController.h */,
				633E00461D86DE0B00436D99 /* CarWithDriverController.m */,
				633E00481D86DE2A00436D99 /* OtherController.h */,
				633E00491D86DE2A00436D99 /* OtherController.m */,
				633E008E1D8812F800436D99 /* SliderBarViewController.h */,
				633E008F1D8812F800436D99 /* SliderBarViewController.m */,
				633E00911D888A4300436D99 /* WithoutDriverDetailController.h */,
				633E00921D888A4300436D99 /* WithoutDriverDetailController.m */,
				6306F55F1D90149B00915F22 /* ServerManager.h */,
				6306F5601D90149B00915F22 /* ServerManager.m */,
				FA7E82AA1DA3CF4500F5BFB4 /* StepOneWithoutDriverController.h */,
				FA7E82AB1DA3CF4500F5BFB4 /* StepOneWithoutDriverController.m */,
				FAC2E4641DAED28D0045A3C4 /* StepTwoWithoutDriverController.h */,
				FAC2E4651DAED28D0045A3C4 /* StepTwoWithoutDriverController.m */,
				FA9DB7871DB66925006D81D5 /* RegistrationController.h */,
				FA9DB7881DB66925006D81D5 /* RegistrationController.m */,
			);
			name = Controllers;
			sourceTree = "<group>";
		};
		636AB1FC1D84107300D33413 /* Models */ = {
			isa = PBXGroup;
			children = (
				633E003F1D86D08700436D99 /* CostomTabBarItem.h */,
				633E00401D86D08700436D99 /* CostomTabBarItem.m */,
				633E004B1D86F18900436D99 /* CarMainCollectionViewCell.h */,
				633E004C1D86F18900436D99 /* CarMainCollectionViewCell.m */,
				633E00971D8A96EA00436D99 /* Category.h */,
				633E00981D8A96EA00436D99 /* Category.m */,
				6306F5131D8FFBCC00915F22 /* HeaderInSectionView.h */,
				6306F5141D8FFBCC00915F22 /* HeaderInSectionView.m */,
				6359CEA61D928F5700E76AD4 /* OtherCollectionViewCell.h */,
				6359CEA71D928F5700E76AD4 /* OtherCollectionViewCell.m */,
				636441C31D97C0CD00089E84 /* CarWithoutDriverDetailsCell.h */,
				636441C41D97C0CD00089E84 /* CarWithoutDriverDetailsCell.m */,
				636B853F1D993B4E005623EB /* Car.h */,
				636B85401D993B4E005623EB /* Car.m */,
				FAED81171DA4FFD600A4EF39 /* StepOneCollectionViewCell.h */,
				FAED81181DA4FFD600A4EF39 /* StepOneCollectionViewCell.m */,
				FA06A3C31DA8D8B000E4DB5F /* Order.h */,
				FA06A3C41DA8D8B000E4DB5F /* Order.m */,
				FA2015961DAE65BB0091D953 /* Place.h */,
				FA2015971DAE65BB0091D953 /* Place.m */,
				FAC2E4671DAF7AFA0045A3C4 /* StepTwoMainCell.h */,
				FAC2E4681DAF7AFA0045A3C4 /* StepTwoMainCell.m */,
				FAC2E46A1DAF82DB0045A3C4 /* StepTwoOptionsCell.h */,
				FAC2E46B1DAF82DB0045A3C4 /* StepTwoOptionsCell.m */,
				FAE71E1D1DB4BFD300A92DA2 /* Option.h */,
				FAE71E1E1DB4BFD300A92DA2 /* Option.m */,
				FA6A6A911DB5079D003BB8D1 /* ButtonCell.h */,
				FA6A6A921DB5079D003BB8D1 /* ButtonCell.m */,
				FABFC1C71DB8EE48004BFF9E /* Person.h */,
				FABFC1C81DB8EE48004BFF9E /* Person.m */,
				FA2506E91DBBF3DA00EF507A /* User.h */,
				FA2506EA1DBBF3DA00EF507A /* User.m */,
			);
			name = Models;
			sourceTree = "<group>";
		};
		636AB1FD1D84108100D33413 /* frameworks */ = {
			isa = PBXGroup;
			children = (
				633E008A1D8811E900436D99 /* SWRevealViewController */,
				633E006C1D880F8000436D99 /* UIKit+AFNetworking */,
				633E00581D880F7800436D99 /* AFNetworking */,
			);
			name = frameworks;
			path = ProkatAuto31;
			sourceTree = "<group>";
		};
		63F4B8511D82C841006B391D = {
			isa = PBXGroup;
			children = (
				63F4B85C1D82C842006B391D /* ProkatAuto31 */,
				63F4B85B1D82C842006B391D /* Products */,
				636AB1FD1D84108100D33413 /* frameworks */,
			);
			sourceTree = "<group>";
		};
		63F4B85B1D82C842006B391D /* Products */ = {
			isa = PBXGroup;
			children = (
				63F4B85A1D82C842006B391D /* ProkatAuto31.app */,
			);
			name = Products;
			sourceTree = "<group>";
		};
		63F4B85C1D82C842006B391D /* ProkatAuto31 */ = {
			isa = PBXGroup;
			children = (
				FA0B638E1DA7B23C0096AEB6 /* RCClass */,
				633E00571D880F1400436D99 /* images */,
				636AB1FC1D84107300D33413 /* Models */,
				636AB1FB1D84106800D33413 /* Controllers */,
				63F4B8601D82C842006B391D /* AppDelegate.h */,
				636AB1F91D84105C00D33413 /* AppDelegate.m */,
				63F4B8661D82C842006B391D /* Main.storyboard */,
				63F4B8691D82C842006B391D /* Assets.xcassets */,
				63F4B86B1D82C842006B391D /* LaunchScreen.storyboard */,
				63F4B86E1D82C842006B391D /* Info.plist */,
				63F4B85D1D82C842006B391D /* Supporting Files */,
			);
			path = ProkatAuto31;
			sourceTree = "<group>";
		};
		63F4B85D1D82C842006B391D /* Supporting Files */ = {
			isa = PBXGroup;
			children = (
				63F4B85E1D82C842006B391D /* main.m */,
			);
			name = "Supporting Files";
			sourceTree = "<group>";
		};
		FA0B638E1DA7B23C0096AEB6 /* RCClass */ = {
			isa = PBXGroup;
			children = (
				FA7A56621DA7CAC400CD6975 /* RCViewController.h */,
				FA7A56631DA7CAC400CD6975 /* RCViewController.m */,
				FA06A3D71DA8F50800E4DB5F /* RCDatePicker.h */,
				FA06A3D81DA8F50800E4DB5F /* RCDatePicker.m */,
				FA5D275B1DAD2BBB0012FF57 /* RCPickerView.h */,
				FA5D275C1DAD2BBB0012FF57 /* RCPickerView.m */,
				FA70B4481DB7B5B80088FFE3 /* RCTextField.h */,
				FA70B4491DB7B5B80088FFE3 /* RCTextField.m */,
			);
			name = RCClass;
			sourceTree = "<group>";
		};
/* End PBXGroup section */

/* Begin PBXNativeTarget section */
		63F4B8591D82C842006B391D /* ProkatAuto31 */ = {
			isa = PBXNativeTarget;
			buildConfigurationList = 63F4B8711D82C842006B391D /* Build configuration list for PBXNativeTarget "ProkatAuto31" */;
			buildPhases = (
				63F4B8561D82C842006B391D /* Sources */,
				63F4B8571D82C842006B391D /* Frameworks */,
				63F4B8581D82C842006B391D /* Resources */,
			);
			buildRules = (
			);
			dependencies = (
			);
			name = ProkatAuto31;
			productName = ProkatAuto31;
			productReference = 63F4B85A1D82C842006B391D /* ProkatAuto31.app */;
			productType = "com.apple.product-type.application";
		};
/* End PBXNativeTarget section */

/* Begin PBXProject section */
		63F4B8521D82C841006B391D /* Project object */ = {
			isa = PBXProject;
			attributes = {
				LastUpgradeCheck = 0730;
				ORGANIZATIONNAME = Asta.Mobi;
				TargetAttributes = {
					63F4B8591D82C842006B391D = {
						CreatedOnToolsVersion = 7.3.1;
						DevelopmentTeam = D7BCEBCF9Z;
					};
				};
			};
			buildConfigurationList = 63F4B8551D82C841006B391D /* Build configuration list for PBXProject "ProkatAuto31" */;
			compatibilityVersion = "Xcode 3.2";
			developmentRegion = English;
			hasScannedForEncodings = 0;
			knownRegions = (
				en,
				Base,
			);
			mainGroup = 63F4B8511D82C841006B391D;
			productRefGroup = 63F4B85B1D82C842006B391D /* Products */;
			projectDirPath = "";
			projectRoot = "";
			targets = (
				63F4B8591D82C842006B391D /* ProkatAuto31 */,
			);
		};
/* End PBXProject section */

/* Begin PBXResourcesBuildPhase section */
		63F4B8581D82C842006B391D /* Resources */ = {
			isa = PBXResourcesBuildPhase;
			buildActionMask = 2147483647;
			files = (
				6306F5361D90136200915F22 /* ic_inbox.png in Resources */,
				6306F5241D90133B00915F22 /* ic_exit_to_app.png in Resources */,
				FA7E82A91DA3C0FB00F5BFB4 /* Back-25.png in Resources */,
				6306F5691D90306200915F22 /* withoutDriver@1x.png in Resources */,
				636441D71D97EB6800089E84 /* ic_arrow_drop_down_3x.png in Resources */,
				6306F5531D90139000915F22 /* ic_lock_open.png in Resources */,
				6306F54C1D90138100915F22 /* ic_person_3x.png in Resources */,
				63F4B86D1D82C842006B391D /* LaunchScreen.storyboard in Resources */,
				6306F5351D90136200915F22 /* Contents.json in Resources */,
				636441CB1D97EB3900089E84 /* Contents.json in Resources */,
				FA88FD871DAB8A0A0039CF33 /* ic_menu_2x.png in Resources */,
				6359CEA51D927B5000E76AD4 /* vanWithDriver.png in Resources */,
				6306F5521D90139000915F22 /* Contents.json in Resources */,
				6306F54A1D90138100915F22 /* ic_person.png in Resources */,
				6359CEA21D927B5000E76AD4 /* withD.png in Resources */,
				6306F56E1D90306200915F22 /* withDriver@3x.png in Resources */,
				6306F5191D9009F900915F22 /* ic_list_2x.png in Resources */,
				6306F52F1D90134C00915F22 /* ic_map_3x.png in Resources */,
				6306F55E1D90139C00915F22 /* ic_content_paste_3x.png in Resources */,
				636441D61D97EB6800089E84 /* ic_arrow_drop_down_2x.png in Resources */,
				6306F5231D90133B00915F22 /* Contents.json in Resources */,
				6359CE971D92709700E76AD4 /* bisness.png in Resources */,
				6306F5491D90138100915F22 /* Contents.json in Resources */,
				636441D51D97EB6800089E84 /* ic_arrow_drop_down.png in Resources */,
				6306F52D1D90134C00915F22 /* ic_map.png in Resources */,
				6306F56D1D90306200915F22 /* withDriver@1x.png in Resources */,
				6306F5251D90133B00915F22 /* ic_exit_to_app_2x.png in Resources */,
				6359CEA41D927B5000E76AD4 /* bus.png in Resources */,
				6306F5261D90133B00915F22 /* ic_exit_to_app_3x.png in Resources */,
				633E004F1D87310300436D99 /* lada.png in Resources */,
				FA88FD931DABB2220039CF33 /* 12.png in Resources */,
				FA88FD891DAB8A0A0039CF33 /* ic_menu.png in Resources */,
				6306F5381D90136200915F22 /* ic_inbox_3x.png in Resources */,
				6306F52C1D90134C00915F22 /* Contents.json in Resources */,
				636441D41D97EB6800089E84 /* Contents.json in Resources */,
				FA88FD881DAB8A0A0039CF33 /* ic_menu_3x.png in Resources */,
				6359CEA31D927B5000E76AD4 /* offroadWithDriver.png in Resources */,
				FA7E82A51DA3B85F00F5BFB4 /* navBack.png in Resources */,
				63F4B86A1D82C842006B391D /* Assets.xcassets in Resources */,
				636441CE1D97EB3900089E84 /* ic_arrow_drop_up_3x.png in Resources */,
				6359CE961D92709700E76AD4 /* van.png in Resources */,
				6306F55B1D90139C00915F22 /* Contents.json in Resources */,
				636441CD1D97EB3900089E84 /* ic_arrow_drop_up_2x.png in Resources */,
				636441CC1D97EB3900089E84 /* ic_arrow_drop_up.png in Resources */,
				6306F56B1D90306200915F22 /* withoutDriver@3x.png in Resources */,
				633E00531D87F3C600436D99 /* overview_mac_ios_phone_icon.png in Resources */,
				6306F55D1D90139C00915F22 /* ic_content_paste_2x.png in Resources */,
				6306F5541D90139000915F22 /* ic_lock_open_2x.png in Resources */,
				6306F5371D90136200915F22 /* ic_inbox_2x.png in Resources */,
				6306F51B1D9009F900915F22 /* ic_list.png in Resources */,
				6306F5421D90137100915F22 /* ic_info_outline_3x.png in Resources */,
				63F4B8681D82C842006B391D /* Main.storyboard in Resources */,
				6359CE9A1D92741F00E76AD4 /* akpp120x90.jpg in Resources */,
				6306F5411D90137100915F22 /* ic_info_outline_2x.png in Resources */,
				6306F54B1D90138100915F22 /* ic_person_2x.png in Resources */,
				6306F56A1D90306200915F22 /* withoutDriver2x.png in Resources */,
				FA88FD911DABB1380039CF33 /* depositphotos_45370071-Car-insurance-icons-2.png in Resources */,
				6306F5401D90137100915F22 /* ic_info_outline.png in Resources */,
				6306F56C1D90306200915F22 /* withDriver2x.png in Resources */,
				6306F5551D90139000915F22 /* ic_lock_open_3x.png in Resources */,
				6359CE9B1D92741F00E76AD4 /* mkpp120x90.jpg in Resources */,
				6306F5431D90137100915F22 /* Thumbs.db in Resources */,
				6306F52E1D90134C00915F22 /* ic_map_2x.png in Resources */,
				6306F51A1D9009F900915F22 /* ic_list_3x.png in Resources */,
				6306F53F1D90137100915F22 /* Contents.json in Resources */,
				6306F55C1D90139C00915F22 /* ic_content_paste.png in Resources */,
			);
			runOnlyForDeploymentPostprocessing = 0;
		};
/* End PBXResourcesBuildPhase section */

/* Begin PBXSourcesBuildPhase section */
		63F4B8561D82C842006B391D /* Sources */ = {
			isa = PBXSourcesBuildPhase;
			buildActionMask = 2147483647;
			files = (
				6306F5611D90149B00915F22 /* ServerManager.m in Sources */,
				633E00881D880F8000436D99 /* UIRefreshControl+AFNetworking.m in Sources */,
				633E00931D888A4300436D99 /* WithoutDriverDetailController.m in Sources */,
				633E006B1D880F7800436D99 /* AFURLSessionManager.m in Sources */,
				FA7E82AC1DA3CF4500F5BFB4 /* StepOneWithoutDriverController.m in Sources */,
				FA7A56641DA7CAC400CD6975 /* RCViewController.m in Sources */,
				633E004D1D86F18900436D99 /* CarMainCollectionViewCell.m in Sources */,
				6306F5151D8FFBCC00915F22 /* HeaderInSectionView.m in Sources */,
				633E00901D8812F800436D99 /* SliderBarViewController.m in Sources */,
				FAC2E4691DAF7AFA0045A3C4 /* StepTwoMainCell.m in Sources */,
				633E00871D880F8000436D99 /* UIProgressView+AFNetworking.m in Sources */,
				633E00991D8A96EA00436D99 /* Category.m in Sources */,
				633E00821D880F8000436D99 /* AFImageDownloader.m in Sources */,
				FA2015981DAE65BB0091D953 /* Place.m in Sources */,
				633E00471D86DE0B00436D99 /* CarWithDriverController.m in Sources */,
				6359CEA81D928F5700E76AD4 /* OtherCollectionViewCell.m in Sources */,
				63F4B85F1D82C842006B391D /* main.m in Sources */,
				633E00851D880F8000436D99 /* UIButton+AFNetworking.m in Sources */,
				FABFC1C91DB8EE49004BFF9E /* Person.m in Sources */,
				FAE71E1F1DB4BFD300A92DA2 /* Option.m in Sources */,
				FAED81191DA4FFD600A4EF39 /* StepOneCollectionViewCell.m in Sources */,
				633E00681D880F7800436D99 /* AFSecurityPolicy.m in Sources */,
				FA06A3C51DA8D8B000E4DB5F /* Order.m in Sources */,
				633E004A1D86DE2A00436D99 /* OtherController.m in Sources */,
				633E00841D880F8000436D99 /* UIActivityIndicatorView+AFNetworking.m in Sources */,
				633E008D1D8811E900436D99 /* SWRevealViewController.m in Sources */,
				633E00831D880F8000436D99 /* AFNetworkActivityIndicatorManager.m in Sources */,
				FAC2E46C1DAF82DB0045A3C4 /* StepTwoOptionsCell.m in Sources */,
				636441C51D97C0CD00089E84 /* CarWithoutDriverDetailsCell.m in Sources */,
				633E00811D880F8000436D99 /* AFAutoPurgingImageCache.m in Sources */,
				FA5D275D1DAD2BBB0012FF57 /* RCPickerView.m in Sources */,
				633E00691D880F7800436D99 /* AFURLRequestSerialization.m in Sources */,
				FA2506EB1DBBF3DA00EF507A /* User.m in Sources */,
				636B85411D993B4E005623EB /* Car.m in Sources */,
				633E00411D86D08700436D99 /* CostomTabBarItem.m in Sources */,
				633E00441D86DDBE00436D99 /* CarWithoutDriverController.m in Sources */,
				FA9DB7891DB66925006D81D5 /* RegistrationController.m in Sources */,
				633E00661D880F7800436D99 /* AFHTTPSessionManager.m in Sources */,
				633E003E1D86C0B400436D99 /* MainTabBaController.m in Sources */,
				FA06A3D91DA8F50900E4DB5F /* RCDatePicker.m in Sources */,
				FAC2E4661DAED28D0045A3C4 /* StepTwoWithoutDriverController.m in Sources */,
				633E00671D880F7800436D99 /* AFNetworkReachabilityManager.m in Sources */,
				FA70B44A1DB7B5B80088FFE3 /* RCTextField.m in Sources */,
				633E00891D880F8000436D99 /* UIWebView+AFNetworking.m in Sources */,
				633E006A1D880F7800436D99 /* AFURLResponseSerialization.m in Sources */,
				633E00861D880F8000436D99 /* UIImageView+AFNetworking.m in Sources */,
				636AB1FA1D84105C00D33413 /* AppDelegate.m in Sources */,
				FA6A6A931DB5079D003BB8D1 /* ButtonCell.m in Sources */,
			);
			runOnlyForDeploymentPostprocessing = 0;
		};
/* End PBXSourcesBuildPhase section */

/* Begin PBXVariantGroup section */
		63F4B8661D82C842006B391D /* Main.storyboard */ = {
			isa = PBXVariantGroup;
			children = (
				63F4B8671D82C842006B391D /* Base */,
			);
			name = Main.storyboard;
			sourceTree = "<group>";
		};
		63F4B86B1D82C842006B391D /* LaunchScreen.storyboard */ = {
			isa = PBXVariantGroup;
			children = (
				63F4B86C1D82C842006B391D /* Base */,
			);
			name = LaunchScreen.storyboard;
			sourceTree = "<group>";
		};
/* End PBXVariantGroup section */

/* Begin XCBuildConfiguration section */
		63F4B86F1D82C842006B391D /* Debug */ = {
			isa = XCBuildConfiguration;
			buildSettings = {
				ALWAYS_EMBED_SWIFT_STANDARD_LIBRARIES = YES;
				ALWAYS_SEARCH_USER_PATHS = NO;
				CLANG_ANALYZER_NONNULL = YES;
				CLANG_CXX_LANGUAGE_STANDARD = "gnu++0x";
				CLANG_CXX_LIBRARY = "libc++";
				CLANG_ENABLE_MODULES = YES;
				CLANG_ENABLE_OBJC_ARC = YES;
				CLANG_WARN_BOOL_CONVERSION = YES;
				CLANG_WARN_CONSTANT_CONVERSION = YES;
				CLANG_WARN_DIRECT_OBJC_ISA_USAGE = YES_ERROR;
				CLANG_WARN_EMPTY_BODY = YES;
				CLANG_WARN_ENUM_CONVERSION = YES;
				CLANG_WARN_INT_CONVERSION = YES;
				CLANG_WARN_OBJC_ROOT_CLASS = YES_ERROR;
				CLANG_WARN_UNREACHABLE_CODE = YES;
				CLANG_WARN__DUPLICATE_METHOD_MATCH = YES;
				"CODE_SIGN_IDENTITY[sdk=iphoneos*]" = "iPhone Developer";
				COPY_PHASE_STRIP = NO;
				DEBUG_INFORMATION_FORMAT = dwarf;
				ENABLE_STRICT_OBJC_MSGSEND = YES;
				ENABLE_TESTABILITY = YES;
				GCC_C_LANGUAGE_STANDARD = gnu99;
				GCC_DYNAMIC_NO_PIC = NO;
				GCC_NO_COMMON_BLOCKS = YES;
				GCC_OPTIMIZATION_LEVEL = 0;
				GCC_PREPROCESSOR_DEFINITIONS = (
					"DEBUG=1",
					"$(inherited)",
				);
				GCC_WARN_64_TO_32_BIT_CONVERSION = YES;
				GCC_WARN_ABOUT_RETURN_TYPE = YES_ERROR;
				GCC_WARN_UNDECLARED_SELECTOR = YES;
				GCC_WARN_UNINITIALIZED_AUTOS = YES_AGGRESSIVE;
				GCC_WARN_UNUSED_FUNCTION = YES;
				GCC_WARN_UNUSED_VARIABLE = YES;
				IPHONEOS_DEPLOYMENT_TARGET = 9.3;
				MTL_ENABLE_DEBUG_INFO = YES;
				ONLY_ACTIVE_ARCH = YES;
				SDKROOT = iphoneos;
			};
			name = Debug;
		};
		63F4B8701D82C842006B391D /* Release */ = {
			isa = XCBuildConfiguration;
			buildSettings = {
				ALWAYS_EMBED_SWIFT_STANDARD_LIBRARIES = YES;
				ALWAYS_SEARCH_USER_PATHS = NO;
				CLANG_ANALYZER_NONNULL = YES;
				CLANG_CXX_LANGUAGE_STANDARD = "gnu++0x";
				CLANG_CXX_LIBRARY = "libc++";
				CLANG_ENABLE_MODULES = YES;
				CLANG_ENABLE_OBJC_ARC = YES;
				CLANG_WARN_BOOL_CONVERSION = YES;
				CLANG_WARN_CONSTANT_CONVERSION = YES;
				CLANG_WARN_DIRECT_OBJC_ISA_USAGE = YES_ERROR;
				CLANG_WARN_EMPTY_BODY = YES;
				CLANG_WARN_ENUM_CONVERSION = YES;
				CLANG_WARN_INT_CONVERSION = YES;
				CLANG_WARN_OBJC_ROOT_CLASS = YES_ERROR;
				CLANG_WARN_UNREACHABLE_CODE = YES;
				CLANG_WARN__DUPLICATE_METHOD_MATCH = YES;
				"CODE_SIGN_IDENTITY[sdk=iphoneos*]" = "iPhone Developer";
				COPY_PHASE_STRIP = NO;
				DEBUG_INFORMATION_FORMAT = "dwarf-with-dsym";
				ENABLE_NS_ASSERTIONS = NO;
				ENABLE_STRICT_OBJC_MSGSEND = YES;
				GCC_C_LANGUAGE_STANDARD = gnu99;
				GCC_NO_COMMON_BLOCKS = YES;
				GCC_WARN_64_TO_32_BIT_CONVERSION = YES;
				GCC_WARN_ABOUT_RETURN_TYPE = YES_ERROR;
				GCC_WARN_UNDECLARED_SELECTOR = YES;
				GCC_WARN_UNINITIALIZED_AUTOS = YES_AGGRESSIVE;
				GCC_WARN_UNUSED_FUNCTION = YES;
				GCC_WARN_UNUSED_VARIABLE = YES;
				IPHONEOS_DEPLOYMENT_TARGET = 9.3;
				MTL_ENABLE_DEBUG_INFO = NO;
				SDKROOT = iphoneos;
				VALIDATE_PRODUCT = YES;
			};
			name = Release;
		};
		63F4B8721D82C842006B391D /* Debug */ = {
			isa = XCBuildConfiguration;
			buildSettings = {
				ASSETCATALOG_COMPILER_APPICON_NAME = AppIcon;
				CODE_SIGN_IDENTITY = "iPhone Developer";
				"CODE_SIGN_IDENTITY[sdk=iphoneos*]" = "iPhone Developer";
				DEVELOPMENT_TEAM = D7BCEBCF9Z;
				INFOPLIST_FILE = ProkatAuto31/Info.plist;
				IPHONEOS_DEPLOYMENT_TARGET = 8.0;
				LD_RUNPATH_SEARCH_PATHS = "$(inherited) @executable_path/Frameworks";
				PRODUCT_BUNDLE_IDENTIFIER = com.Asta.Mobi.ProkatAuto31;
				PRODUCT_NAME = "$(TARGET_NAME)";
				PROVISIONING_PROFILE = "";
			};
			name = Debug;
		};
		63F4B8731D82C842006B391D /* Release */ = {
			isa = XCBuildConfiguration;
			buildSettings = {
				ASSETCATALOG_COMPILER_APPICON_NAME = AppIcon;
				CODE_SIGN_IDENTITY = "iPhone Developer";
				"CODE_SIGN_IDENTITY[sdk=iphoneos*]" = "iPhone Developer";
				DEVELOPMENT_TEAM = D7BCEBCF9Z;
				INFOPLIST_FILE = ProkatAuto31/Info.plist;
				IPHONEOS_DEPLOYMENT_TARGET = 8.0;
				LD_RUNPATH_SEARCH_PATHS = "$(inherited) @executable_path/Frameworks";
				PRODUCT_BUNDLE_IDENTIFIER = com.Asta.Mobi.ProkatAuto31;
				PRODUCT_NAME = "$(TARGET_NAME)";
				PROVISIONING_PROFILE = "";
			};
			name = Release;
		};
/* End XCBuildConfiguration section */

/* Begin XCConfigurationList section */
		63F4B8551D82C841006B391D /* Build configuration list for PBXProject "ProkatAuto31" */ = {
			isa = XCConfigurationList;
			buildConfigurations = (
				63F4B86F1D82C842006B391D /* Debug */,
				63F4B8701D82C842006B391D /* Release */,
			);
			defaultConfigurationIsVisible = 0;
			defaultConfigurationName = Release;
		};
		63F4B8711D82C842006B391D /* Build configuration list for PBXNativeTarget "ProkatAuto31" */ = {
			isa = XCConfigurationList;
			buildConfigurations = (
				63F4B8721D82C842006B391D /* Debug */,
				63F4B8731D82C842006B391D /* Release */,
			);
			defaultConfigurationIsVisible = 0;
			defaultConfigurationName = Release;
		};
/* End XCConfigurationList section */
	};
	rootObject = 63F4B8521D82C841006B391D /* Project object */;
}
